// !$*UTF8*$!
{
	archiveVersion = 1;
	classes = {
	};
	objectVersion = 77;
	objects = {

/* Begin PBXBuildFile section */
		26787DB42D40E7E900C6E3C0 /* Apollo in Frameworks */ = {isa = PBXBuildFile; productRef = 26787DB32D40E7E900C6E3C0 /* Apollo */; };
		26787DB82D40E7F000C6E3C0 /* Apollo-Dynamic in Embed Frameworks */ = {isa = PBXBuildFile; productRef = 26787DB52D40E7F000C6E3C0 /* Apollo-Dynamic */; settings = {ATTRIBUTES = (CodeSignOnCopy, ); }; };
		26787DED2D411FA800C6E3C0 /* GraphQLSampleAPI in Frameworks */ = {isa = PBXBuildFile; productRef = 26787DEC2D411FA800C6E3C0 /* GraphQLSampleAPI */; };
/* End PBXBuildFile section */

/* Begin PBXContainerItemProxy section */
		26787D792D40D48000C6E3C0 /* PBXContainerItemProxy */ = {
			isa = PBXContainerItemProxy;
			containerPortal = 26787D602D40D47700C6E3C0 /* Project object */;
			proxyType = 1;
			remoteGlobalIDString = 26787D672D40D47700C6E3C0;
			remoteInfo = GraphQLSample;
		};
		26787D832D40D48000C6E3C0 /* PBXContainerItemProxy */ = {
			isa = PBXContainerItemProxy;
			containerPortal = 26787D602D40D47700C6E3C0 /* Project object */;
			proxyType = 1;
			remoteGlobalIDString = 26787D672D40D47700C6E3C0;
			remoteInfo = GraphQLSample;
		};
/* End PBXContainerItemProxy section */

/* Begin PBXCopyFilesBuildPhase section */
		26787DB72D40E7F000C6E3C0 /* Embed Frameworks */ = {
			isa = PBXCopyFilesBuildPhase;
			buildActionMask = 2147483647;
			dstPath = "";
			dstSubfolderSpec = 10;
			files = (
				26787DB82D40E7F000C6E3C0 /* Apollo-Dynamic in Embed Frameworks */,
			);
			name = "Embed Frameworks";
			runOnlyForDeploymentPostprocessing = 0;
		};
/* End PBXCopyFilesBuildPhase section */

/* Begin PBXFileReference section */
		26787D682D40D47700C6E3C0 /* GraphQLSample.app */ = {isa = PBXFileReference; explicitFileType = wrapper.application; includeInIndex = 0; path = GraphQLSample.app; sourceTree = BUILT_PRODUCTS_DIR; };
		26787D782D40D48000C6E3C0 /* GraphQLSampleTests.xctest */ = {isa = PBXFileReference; explicitFileType = wrapper.cfbundle; includeInIndex = 0; path = GraphQLSampleTests.xctest; sourceTree = BUILT_PRODUCTS_DIR; };
		26787D822D40D48000C6E3C0 /* GraphQLSampleUITests.xctest */ = {isa = PBXFileReference; explicitFileType = wrapper.cfbundle; includeInIndex = 0; path = GraphQLSampleUITests.xctest; sourceTree = BUILT_PRODUCTS_DIR; };
/* End PBXFileReference section */

/* Begin PBXFileSystemSynchronizedRootGroup section */
		26787D6A2D40D47700C6E3C0 /* GraphQLSample */ = {
			isa = PBXFileSystemSynchronizedRootGroup;
			path = GraphQLSample;
			sourceTree = "<group>";
		};
		26787D7B2D40D48000C6E3C0 /* GraphQLSampleTests */ = {
			isa = PBXFileSystemSynchronizedRootGroup;
			path = GraphQLSampleTests;
			sourceTree = "<group>";
		};
		26787D852D40D48000C6E3C0 /* GraphQLSampleUITests */ = {
			isa = PBXFileSystemSynchronizedRootGroup;
			path = GraphQLSampleUITests;
			sourceTree = "<group>";
		};
/* End PBXFileSystemSynchronizedRootGroup section */

/* Begin PBXFrameworksBuildPhase section */
		26787D652D40D47700C6E3C0 /* Frameworks */ = {
			isa = PBXFrameworksBuildPhase;
			buildActionMask = 2147483647;
			files = (
				26787DB42D40E7E900C6E3C0 /* Apollo in Frameworks */,
				26787DED2D411FA800C6E3C0 /* GraphQLSampleAPI in Frameworks */,
			);
			runOnlyForDeploymentPostprocessing = 0;
		};
		26787D752D40D48000C6E3C0 /* Frameworks */ = {
			isa = PBXFrameworksBuildPhase;
			buildActionMask = 2147483647;
			files = (
			);
			runOnlyForDeploymentPostprocessing = 0;
		};
		26787D7F2D40D48000C6E3C0 /* Frameworks */ = {
			isa = PBXFrameworksBuildPhase;
			buildActionMask = 2147483647;
			files = (
			);
			runOnlyForDeploymentPostprocessing = 0;
		};
/* End PBXFrameworksBuildPhase section */

/* Begin PBXGroup section */
		26787D5F2D40D47700C6E3C0 = {
			isa = PBXGroup;
			children = (
				26787D6A2D40D47700C6E3C0 /* GraphQLSample */,
				26787D7B2D40D48000C6E3C0 /* GraphQLSampleTests */,
				26787D852D40D48000C6E3C0 /* GraphQLSampleUITests */,
				26787DB22D40E7E900C6E3C0 /* Frameworks */,
				26787D692D40D47700C6E3C0 /* Products */,
			);
			sourceTree = "<group>";
		};
		26787D692D40D47700C6E3C0 /* Products */ = {
			isa = PBXGroup;
			children = (
				26787D682D40D47700C6E3C0 /* GraphQLSample.app */,
				26787D782D40D48000C6E3C0 /* GraphQLSampleTests.xctest */,
				26787D822D40D48000C6E3C0 /* GraphQLSampleUITests.xctest */,
			);
			name = Products;
			sourceTree = "<group>";
		};
		26787DB22D40E7E900C6E3C0 /* Frameworks */ = {
			isa = PBXGroup;
			children = (
			);
			name = Frameworks;
			sourceTree = "<group>";
		};
/* End PBXGroup section */

/* Begin PBXNativeTarget section */
		26787D672D40D47700C6E3C0 /* GraphQLSample */ = {
			isa = PBXNativeTarget;
			buildConfigurationList = 26787D8C2D40D48000C6E3C0 /* Build configuration list for PBXNativeTarget "GraphQLSample" */;
			buildPhases = (
				26787D642D40D47700C6E3C0 /* Sources */,
				26787D652D40D47700C6E3C0 /* Frameworks */,
				26787D662D40D47700C6E3C0 /* Resources */,
				26787DB72D40E7F000C6E3C0 /* Embed Frameworks */,
			);
			buildRules = (
			);
			dependencies = (
			);
			fileSystemSynchronizedGroups = (
				26787D6A2D40D47700C6E3C0 /* GraphQLSample */,
			);
			name = GraphQLSample;
			packageProductDependencies = (
				26787DB32D40E7E900C6E3C0 /* Apollo */,
				26787DB52D40E7F000C6E3C0 /* Apollo-Dynamic */,
				26787DEC2D411FA800C6E3C0 /* GraphQLSampleAPI */,
			);
			productName = GraphQLSample;
			productReference = 26787D682D40D47700C6E3C0 /* GraphQLSample.app */;
			productType = "com.apple.product-type.application";
		};
		26787D772D40D48000C6E3C0 /* GraphQLSampleTests */ = {
			isa = PBXNativeTarget;
			buildConfigurationList = 26787D8F2D40D48000C6E3C0 /* Build configuration list for PBXNativeTarget "GraphQLSampleTests" */;
			buildPhases = (
				26787D742D40D48000C6E3C0 /* Sources */,
				26787D752D40D48000C6E3C0 /* Frameworks */,
				26787D762D40D48000C6E3C0 /* Resources */,
			);
			buildRules = (
			);
			dependencies = (
				26787D7A2D40D48000C6E3C0 /* PBXTargetDependency */,
			);
			fileSystemSynchronizedGroups = (
				26787D7B2D40D48000C6E3C0 /* GraphQLSampleTests */,
			);
			name = GraphQLSampleTests;
			packageProductDependencies = (
			);
			productName = GraphQLSampleTests;
			productReference = 26787D782D40D48000C6E3C0 /* GraphQLSampleTests.xctest */;
			productType = "com.apple.product-type.bundle.unit-test";
		};
		26787D812D40D48000C6E3C0 /* GraphQLSampleUITests */ = {
			isa = PBXNativeTarget;
			buildConfigurationList = 26787D922D40D48000C6E3C0 /* Build configuration list for PBXNativeTarget "GraphQLSampleUITests" */;
			buildPhases = (
				26787D7E2D40D48000C6E3C0 /* Sources */,
				26787D7F2D40D48000C6E3C0 /* Frameworks */,
				26787D802D40D48000C6E3C0 /* Resources */,
			);
			buildRules = (
			);
			dependencies = (
				26787D842D40D48000C6E3C0 /* PBXTargetDependency */,
			);
			fileSystemSynchronizedGroups = (
				26787D852D40D48000C6E3C0 /* GraphQLSampleUITests */,
			);
			name = GraphQLSampleUITests;
			packageProductDependencies = (
			);
			productName = GraphQLSampleUITests;
			productReference = 26787D822D40D48000C6E3C0 /* GraphQLSampleUITests.xctest */;
			productType = "com.apple.product-type.bundle.ui-testing";
		};
/* End PBXNativeTarget section */

/* Begin PBXProject section */
		26787D602D40D47700C6E3C0 /* Project object */ = {
			isa = PBXProject;
			attributes = {
				BuildIndependentTargetsInParallel = 1;
				LastSwiftUpdateCheck = 1620;
				LastUpgradeCheck = 1620;
				TargetAttributes = {
					26787D672D40D47700C6E3C0 = {
						CreatedOnToolsVersion = 16.2;
					};
					26787D772D40D48000C6E3C0 = {
						CreatedOnToolsVersion = 16.2;
						TestTargetID = 26787D672D40D47700C6E3C0;
					};
					26787D812D40D48000C6E3C0 = {
						CreatedOnToolsVersion = 16.2;
						TestTargetID = 26787D672D40D47700C6E3C0;
					};
				};
			};
			buildConfigurationList = 26787D632D40D47700C6E3C0 /* Build configuration list for PBXProject "GraphQLSample" */;
			developmentRegion = en;
			hasScannedForEncodings = 0;
			knownRegions = (
				en,
				Base,
			);
			mainGroup = 26787D5F2D40D47700C6E3C0;
			minimizedProjectReferenceProxies = 1;
			packageReferences = (
				26787D952D40DE0A00C6E3C0 /* XCRemoteSwiftPackageReference "apollo-ios" */,
				26787DEB2D411FA200C6E3C0 /* XCLocalSwiftPackageReference "GraphQLSampleAPI" */,
			);
			preferredProjectObjectVersion = 77;
			productRefGroup = 26787D692D40D47700C6E3C0 /* Products */;
			projectDirPath = "";
			projectRoot = "";
			targets = (
				26787D672D40D47700C6E3C0 /* GraphQLSample */,
				26787D772D40D48000C6E3C0 /* GraphQLSampleTests */,
				26787D812D40D48000C6E3C0 /* GraphQLSampleUITests */,
			);
		};
/* End PBXProject section */

/* Begin PBXResourcesBuildPhase section */
		26787D662D40D47700C6E3C0 /* Resources */ = {
			isa = PBXResourcesBuildPhase;
			buildActionMask = 2147483647;
			files = (
			);
			runOnlyForDeploymentPostprocessing = 0;
		};
		26787D762D40D48000C6E3C0 /* Resources */ = {
			isa = PBXResourcesBuildPhase;
			buildActionMask = 2147483647;
			files = (
			);
			runOnlyForDeploymentPostprocessing = 0;
		};
		26787D802D40D48000C6E3C0 /* Resources */ = {
			isa = PBXResourcesBuildPhase;
			buildActionMask = 2147483647;
			files = (
			);
			runOnlyForDeploymentPostprocessing = 0;
		};
/* End PBXResourcesBuildPhase section */

/* Begin PBXSourcesBuildPhase section */
		26787D642D40D47700C6E3C0 /* Sources */ = {
			isa = PBXSourcesBuildPhase;
			buildActionMask = 2147483647;
			files = (
			);
			runOnlyForDeploymentPostprocessing = 0;
		};
		26787D742D40D48000C6E3C0 /* Sources */ = {
			isa = PBXSourcesBuildPhase;
			buildActionMask = 2147483647;
			files = (
			);
			runOnlyForDeploymentPostprocessing = 0;
		};
		26787D7E2D40D48000C6E3C0 /* Sources */ = {
			isa = PBXSourcesBuildPhase;
			buildActionMask = 2147483647;
			files = (
			);
			runOnlyForDeploymentPostprocessing = 0;
		};
/* End PBXSourcesBuildPhase section */

/* Begin PBXTargetDependency section */
		26787D7A2D40D48000C6E3C0 /* PBXTargetDependency */ = {
			isa = PBXTargetDependency;
			target = 26787D672D40D47700C6E3C0 /* GraphQLSample */;
			targetProxy = 26787D792D40D48000C6E3C0 /* PBXContainerItemProxy */;
		};
		26787D842D40D48000C6E3C0 /* PBXTargetDependency */ = {
			isa = PBXTargetDependency;
			target = 26787D672D40D47700C6E3C0 /* GraphQLSample */;
			targetProxy = 26787D832D40D48000C6E3C0 /* PBXContainerItemProxy */;
		};
/* End PBXTargetDependency section */

/* Begin XCBuildConfiguration section */
		26787D8A2D40D48000C6E3C0 /* Debug */ = {
			isa = XCBuildConfiguration;
			buildSettings = {
				ALWAYS_SEARCH_USER_PATHS = NO;
				ASSETCATALOG_COMPILER_GENERATE_SWIFT_ASSET_SYMBOL_EXTENSIONS = YES;
				CLANG_ANALYZER_NONNULL = YES;
				CLANG_ANALYZER_NUMBER_OBJECT_CONVERSION = YES_AGGRESSIVE;
				CLANG_CXX_LANGUAGE_STANDARD = "gnu++20";
				CLANG_ENABLE_MODULES = YES;
				CLANG_ENABLE_OBJC_ARC = YES;
				CLANG_ENABLE_OBJC_WEAK = YES;
				CLANG_WARN_BLOCK_CAPTURE_AUTORELEASING = YES;
				CLANG_WARN_BOOL_CONVERSION = YES;
				CLANG_WARN_COMMA = YES;
				CLANG_WARN_CONSTANT_CONVERSION = YES;
				CLANG_WARN_DEPRECATED_OBJC_IMPLEMENTATIONS = YES;
				CLANG_WARN_DIRECT_OBJC_ISA_USAGE = YES_ERROR;
				CLANG_WARN_DOCUMENTATION_COMMENTS = YES;
				CLANG_WARN_EMPTY_BODY = YES;
				CLANG_WARN_ENUM_CONVERSION = YES;
				CLANG_WARN_INFINITE_RECURSION = YES;
				CLANG_WARN_INT_CONVERSION = YES;
				CLANG_WARN_NON_LITERAL_NULL_CONVERSION = YES;
				CLANG_WARN_OBJC_IMPLICIT_RETAIN_SELF = YES;
				CLANG_WARN_OBJC_LITERAL_CONVERSION = YES;
				CLANG_WARN_OBJC_ROOT_CLASS = YES_ERROR;
				CLANG_WARN_QUOTED_INCLUDE_IN_FRAMEWORK_HEADER = YES;
				CLANG_WARN_RANGE_LOOP_ANALYSIS = YES;
				CLANG_WARN_STRICT_PROTOTYPES = YES;
				CLANG_WARN_SUSPICIOUS_MOVE = YES;
				CLANG_WARN_UNGUARDED_AVAILABILITY = YES_AGGRESSIVE;
				CLANG_WARN_UNREACHABLE_CODE = YES;
				CLANG_WARN__DUPLICATE_METHOD_MATCH = YES;
				COPY_PHASE_STRIP = NO;
				DEBUG_INFORMATION_FORMAT = dwarf;
				ENABLE_STRICT_OBJC_MSGSEND = YES;
				ENABLE_TESTABILITY = YES;
				ENABLE_USER_SCRIPT_SANDBOXING = YES;
				GCC_C_LANGUAGE_STANDARD = gnu17;
				GCC_DYNAMIC_NO_PIC = NO;
				GCC_NO_COMMON_BLOCKS = YES;
				GCC_OPTIMIZATION_LEVEL = 0;
				GCC_PREPROCESSOR_DEFINITIONS = (
					"DEBUG=1",
					"$(inherited)",
				);
				GCC_WARN_64_TO_32_BIT_CONVERSION = YES;
				GCC_WARN_ABOUT_RETURN_TYPE = YES_ERROR;
				GCC_WARN_UNDECLARED_SELECTOR = YES;
				GCC_WARN_UNINITIALIZED_AUTOS = YES_AGGRESSIVE;
				GCC_WARN_UNUSED_FUNCTION = YES;
				GCC_WARN_UNUSED_VARIABLE = YES;
				IPHONEOS_DEPLOYMENT_TARGET = 18.2;
				LOCALIZATION_PREFERS_STRING_CATALOGS = YES;
				MTL_ENABLE_DEBUG_INFO = INCLUDE_SOURCE;
				MTL_FAST_MATH = YES;
				ONLY_ACTIVE_ARCH = YES;
				SDKROOT = iphoneos;
				SWIFT_ACTIVE_COMPILATION_CONDITIONS = "DEBUG $(inherited)";
				SWIFT_OPTIMIZATION_LEVEL = "-Onone";
			};
			name = Debug;
		};
		26787D8B2D40D48000C6E3C0 /* Release */ = {
			isa = XCBuildConfiguration;
			buildSettings = {
				ALWAYS_SEARCH_USER_PATHS = NO;
				ASSETCATALOG_COMPILER_GENERATE_SWIFT_ASSET_SYMBOL_EXTENSIONS = YES;
				CLANG_ANALYZER_NONNULL = YES;
				CLANG_ANALYZER_NUMBER_OBJECT_CONVERSION = YES_AGGRESSIVE;
				CLANG_CXX_LANGUAGE_STANDARD = "gnu++20";
				CLANG_ENABLE_MODULES = YES;
				CLANG_ENABLE_OBJC_ARC = YES;
				CLANG_ENABLE_OBJC_WEAK = YES;
				CLANG_WARN_BLOCK_CAPTURE_AUTORELEASING = YES;
				CLANG_WARN_BOOL_CONVERSION = YES;
				CLANG_WARN_COMMA = YES;
				CLANG_WARN_CONSTANT_CONVERSION = YES;
				CLANG_WARN_DEPRECATED_OBJC_IMPLEMENTATIONS = YES;
				CLANG_WARN_DIRECT_OBJC_ISA_USAGE = YES_ERROR;
				CLANG_WARN_DOCUMENTATION_COMMENTS = YES;
				CLANG_WARN_EMPTY_BODY = YES;
				CLANG_WARN_ENUM_CONVERSION = YES;
				CLANG_WARN_INFINITE_RECURSION = YES;
				CLANG_WARN_INT_CONVERSION = YES;
				CLANG_WARN_NON_LITERAL_NULL_CONVERSION = YES;
				CLANG_WARN_OBJC_IMPLICIT_RETAIN_SELF = YES;
				CLANG_WARN_OBJC_LITERAL_CONVERSION = YES;
				CLANG_WARN_OBJC_ROOT_CLASS = YES_ERROR;
				CLANG_WARN_QUOTED_INCLUDE_IN_FRAMEWORK_HEADER = YES;
				CLANG_WARN_RANGE_LOOP_ANALYSIS = YES;
				CLANG_WARN_STRICT_PROTOTYPES = YES;
				CLANG_WARN_SUSPICIOUS_MOVE = YES;
				CLANG_WARN_UNGUARDED_AVAILABILITY = YES_AGGRESSIVE;
				CLANG_WARN_UNREACHABLE_CODE = YES;
				CLANG_WARN__DUPLICATE_METHOD_MATCH = YES;
				COPY_PHASE_STRIP = NO;
				DEBUG_INFORMATION_FORMAT = "dwarf-with-dsym";
				ENABLE_NS_ASSERTIONS = NO;
				ENABLE_STRICT_OBJC_MSGSEND = YES;
				ENABLE_USER_SCRIPT_SANDBOXING = YES;
				GCC_C_LANGUAGE_STANDARD = gnu17;
				GCC_NO_COMMON_BLOCKS = YES;
				GCC_WARN_64_TO_32_BIT_CONVERSION = YES;
				GCC_WARN_ABOUT_RETURN_TYPE = YES_ERROR;
				GCC_WARN_UNDECLARED_SELECTOR = YES;
				GCC_WARN_UNINITIALIZED_AUTOS = YES_AGGRESSIVE;
				GCC_WARN_UNUSED_FUNCTION = YES;
				GCC_WARN_UNUSED_VARIABLE = YES;
				IPHONEOS_DEPLOYMENT_TARGET = 18.2;
				LOCALIZATION_PREFERS_STRING_CATALOGS = YES;
				MTL_ENABLE_DEBUG_INFO = NO;
				MTL_FAST_MATH = YES;
				SDKROOT = iphoneos;
				SWIFT_COMPILATION_MODE = wholemodule;
				VALIDATE_PRODUCT = YES;
			};
			name = Release;
		};
		26787D8D2D40D48000C6E3C0 /* Debug */ = {
			isa = XCBuildConfiguration;
			buildSettings = {
				ASSETCATALOG_COMPILER_APPICON_NAME = AppIcon;
				ASSETCATALOG_COMPILER_GLOBAL_ACCENT_COLOR_NAME = AccentColor;
				CODE_SIGN_STYLE = Automatic;
				CURRENT_PROJECT_VERSION = 1;
				DEVELOPMENT_ASSET_PATHS = "\"GraphQLSample/Preview Content\"";
				ENABLE_PREVIEWS = YES;
				GENERATE_INFOPLIST_FILE = YES;
				INFOPLIST_KEY_UIApplicationSceneManifest_Generation = YES;
				INFOPLIST_KEY_UIApplicationSupportsIndirectInputEvents = YES;
				INFOPLIST_KEY_UILaunchScreen_Generation = YES;
				INFOPLIST_KEY_UISupportedInterfaceOrientations_iPad = "UIInterfaceOrientationPortrait UIInterfaceOrientationPortraitUpsideDown UIInterfaceOrientationLandscapeLeft UIInterfaceOrientationLandscapeRight";
				INFOPLIST_KEY_UISupportedInterfaceOrientations_iPhone = "UIInterfaceOrientationPortrait UIInterfaceOrientationLandscapeLeft UIInterfaceOrientationLandscapeRight";
				LD_RUNPATH_SEARCH_PATHS = (
					"$(inherited)",
					"@executable_path/Frameworks",
				);
				MARKETING_VERSION = 1.0;
				PRODUCT_BUNDLE_IDENTIFIER = com.testing.GraphQLSample;
				PRODUCT_NAME = "$(TARGET_NAME)";
				SWIFT_EMIT_LOC_STRINGS = YES;
				SWIFT_VERSION = 5.0;
				TARGETED_DEVICE_FAMILY = "1,2";
			};
			name = Debug;
		};
		26787D8E2D40D48000C6E3C0 /* Release */ = {
			isa = XCBuildConfiguration;
			buildSettings = {
				ASSETCATALOG_COMPILER_APPICON_NAME = AppIcon;
				ASSETCATALOG_COMPILER_GLOBAL_ACCENT_COLOR_NAME = AccentColor;
				CODE_SIGN_STYLE = Automatic;
				CURRENT_PROJECT_VERSION = 1;
				DEVELOPMENT_ASSET_PATHS = "\"GraphQLSample/Preview Content\"";
				ENABLE_PREVIEWS = YES;
				GENERATE_INFOPLIST_FILE = YES;
				INFOPLIST_KEY_UIApplicationSceneManifest_Generation = YES;
				INFOPLIST_KEY_UIApplicationSupportsIndirectInputEvents = YES;
				INFOPLIST_KEY_UILaunchScreen_Generation = YES;
				INFOPLIST_KEY_UISupportedInterfaceOrientations_iPad = "UIInterfaceOrientationPortrait UIInterfaceOrientationPortraitUpsideDown UIInterfaceOrientationLandscapeLeft UIInterfaceOrientationLandscapeRight";
				INFOPLIST_KEY_UISupportedInterfaceOrientations_iPhone = "UIInterfaceOrientationPortrait UIInterfaceOrientationLandscapeLeft UIInterfaceOrientationLandscapeRight";
				LD_RUNPATH_SEARCH_PATHS = (
					"$(inherited)",
					"@executable_path/Frameworks",
				);
				MARKETING_VERSION = 1.0;
				PRODUCT_BUNDLE_IDENTIFIER = com.testing.GraphQLSample;
				PRODUCT_NAME = "$(TARGET_NAME)";
				SWIFT_EMIT_LOC_STRINGS = YES;
				SWIFT_VERSION = 5.0;
				TARGETED_DEVICE_FAMILY = "1,2";
			};
			name = Release;
		};
		26787D902D40D48000C6E3C0 /* Debug */ = {
			isa = XCBuildConfiguration;
			buildSettings = {
				BUNDLE_LOADER = "$(TEST_HOST)";
				CODE_SIGN_STYLE = Automatic;
				CURRENT_PROJECT_VERSION = 1;
				GENERATE_INFOPLIST_FILE = YES;
				IPHONEOS_DEPLOYMENT_TARGET = 18.2;
				MARKETING_VERSION = 1.0;
				PRODUCT_BUNDLE_IDENTIFIER = com.testing.GraphQLSampleTests;
				PRODUCT_NAME = "$(TARGET_NAME)";
				SWIFT_EMIT_LOC_STRINGS = NO;
				SWIFT_VERSION = 5.0;
				TARGETED_DEVICE_FAMILY = "1,2";
				TEST_HOST = "$(BUILT_PRODUCTS_DIR)/GraphQLSample.app/$(BUNDLE_EXECUTABLE_FOLDER_PATH)/GraphQLSample";
			};
			name = Debug;
		};
		26787D912D40D48000C6E3C0 /* Release */ = {
			isa = XCBuildConfiguration;
			buildSettings = {
				BUNDLE_LOADER = "$(TEST_HOST)";
				CODE_SIGN_STYLE = Automatic;
				CURRENT_PROJECT_VERSION = 1;
				GENERATE_INFOPLIST_FILE = YES;
				IPHONEOS_DEPLOYMENT_TARGET = 18.2;
				MARKETING_VERSION = 1.0;
				PRODUCT_BUNDLE_IDENTIFIER = com.testing.GraphQLSampleTests;
				PRODUCT_NAME = "$(TARGET_NAME)";
				SWIFT_EMIT_LOC_STRINGS = NO;
				SWIFT_VERSION = 5.0;
				TARGETED_DEVICE_FAMILY = "1,2";
				TEST_HOST = "$(BUILT_PRODUCTS_DIR)/GraphQLSample.app/$(BUNDLE_EXECUTABLE_FOLDER_PATH)/GraphQLSample";
			};
			name = Release;
		};
		26787D932D40D48000C6E3C0 /* Debug */ = {
			isa = XCBuildConfiguration;
			buildSettings = {
				CODE_SIGN_STYLE = Automatic;
				CURRENT_PROJECT_VERSION = 1;
				GENERATE_INFOPLIST_FILE = YES;
				MARKETING_VERSION = 1.0;
				PRODUCT_BUNDLE_IDENTIFIER = com.testing.GraphQLSampleUITests;
				PRODUCT_NAME = "$(TARGET_NAME)";
				SWIFT_EMIT_LOC_STRINGS = NO;
				SWIFT_VERSION = 5.0;
				TARGETED_DEVICE_FAMILY = "1,2";
				TEST_TARGET_NAME = GraphQLSample;
			};
			name = Debug;
		};
		26787D942D40D48000C6E3C0 /* Release */ = {
			isa = XCBuildConfiguration;
			buildSettings = {
				CODE_SIGN_STYLE = Automatic;
				CURRENT_PROJECT_VERSION = 1;
				GENERATE_INFOPLIST_FILE = YES;
				MARKETING_VERSION = 1.0;
				PRODUCT_BUNDLE_IDENTIFIER = com.testing.GraphQLSampleUITests;
				PRODUCT_NAME = "$(TARGET_NAME)";
				SWIFT_EMIT_LOC_STRINGS = NO;
				SWIFT_VERSION = 5.0;
				TARGETED_DEVICE_FAMILY = "1,2";
				TEST_TARGET_NAME = GraphQLSample;
			};
			name = Release;
		};
/* End XCBuildConfiguration section */

/* Begin XCConfigurationList section */
		26787D632D40D47700C6E3C0 /* Build configuration list for PBXProject "GraphQLSample" */ = {
			isa = XCConfigurationList;
			buildConfigurations = (
				26787D8A2D40D48000C6E3C0 /* Debug */,
				26787D8B2D40D48000C6E3C0 /* Release */,
			);
			defaultConfigurationIsVisible = 0;
			defaultConfigurationName = Release;
		};
		26787D8C2D40D48000C6E3C0 /* Build configuration list for PBXNativeTarget "GraphQLSample" */ = {
			isa = XCConfigurationList;
			buildConfigurations = (
				26787D8D2D40D48000C6E3C0 /* Debug */,
				26787D8E2D40D48000C6E3C0 /* Release */,
			);
			defaultConfigurationIsVisible = 0;
			defaultConfigurationName = Release;
		};
		26787D8F2D40D48000C6E3C0 /* Build configuration list for PBXNativeTarget "GraphQLSampleTests" */ = {
			isa = XCConfigurationList;
			buildConfigurations = (
				26787D902D40D48000C6E3C0 /* Debug */,
				26787D912D40D48000C6E3C0 /* Release */,
			);
			defaultConfigurationIsVisible = 0;
			defaultConfigurationName = Release;
		};
		26787D922D40D48000C6E3C0 /* Build configuration list for PBXNativeTarget "GraphQLSampleUITests" */ = {
			isa = XCConfigurationList;
			buildConfigurations = (
				26787D932D40D48000C6E3C0 /* Debug */,
				26787D942D40D48000C6E3C0 /* Release */,
			);
			defaultConfigurationIsVisible = 0;
			defaultConfigurationName = Release;
		};
/* End XCConfigurationList section */

/* Begin XCLocalSwiftPackageReference section */
		26787DEB2D411FA200C6E3C0 /* XCLocalSwiftPackageReference "GraphQLSampleAPI" */ = {
			isa = XCLocalSwiftPackageReference;
			relativePath = GraphQLSampleAPI;
		};
/* End XCLocalSwiftPackageReference section */

/* Begin XCRemoteSwiftPackageReference section */
		26787D952D40DE0A00C6E3C0 /* XCRemoteSwiftPackageReference "apollo-ios" */ = {
			isa = XCRemoteSwiftPackageReference;
			repositoryURL = "https://github.com/apollographql/apollo-ios.git";
			requirement = {
				kind = upToNextMajorVersion;
				minimumVersion = 1.16.1;
			};
		};
/* End XCRemoteSwiftPackageReference section */

/* Begin XCSwiftPackageProductDependency section */
		26787DB32D40E7E900C6E3C0 /* Apollo */ = {
			isa = XCSwiftPackageProductDependency;
			package = 26787D952D40DE0A00C6E3C0 /* XCRemoteSwiftPackageReference "apollo-ios" */;
			productName = Apollo;
		};
		26787DB52D40E7F000C6E3C0 /* Apollo-Dynamic */ = {
			isa = XCSwiftPackageProductDependency;
			package = 26787D952D40DE0A00C6E3C0 /* XCRemoteSwiftPackageReference "apollo-ios" */;
			productName = "Apollo-Dynamic";
		};
		26787DEC2D411FA800C6E3C0 /* GraphQLSampleAPI */ = {
			isa = XCSwiftPackageProductDependency;
			package = 26787DEB2D411FA200C6E3C0 /* XCLocalSwiftPackageReference "GraphQLSampleAPI" */;
			productName = GraphQLSampleAPI;
		};
/* End XCSwiftPackageProductDependency section */
	};
	rootObject = 26787D602D40D47700C6E3C0 /* Project object */;
}
